<?xml version="1.0" encoding="utf-8"?>
<Project ToolsVersion="4.0" xmlns="http://schemas.microsoft.com/developer/msbuild/2003">
  <ItemGroup>
    <ApplicationDefinition Include="App.xaml" />
  </ItemGroup>
  <ItemGroup>
    <Page Include="MainWindow.xaml" />
    <Page Include="ColorDialogControl.xaml" />
  </ItemGroup>
  <ItemGroup>
    <Midl Include="App.idl" />
    <Midl Include="MainWindow.idl" />
  </ItemGroup>
  <ItemGroup>
    <ClCompile Include="pch.cpp" />
    <ClCompile Include="$(GeneratedFilesDir)module.g.cpp" />
    <ClCompile Include="Data\AnchorPoint.cpp" />
    <ClCompile Include="Data\DiagramChartSymbols.cpp" />
    <ClCompile Include="Data\DiagramClassSymbols.cpp" />
    <ClCompile Include="Data\ItemProperty.cpp" />
    <ClCompile Include="Data\Font.cpp" />
    <ClCompile Include="Data\Link.cpp" />
    <ClCompile Include="Data\PointerHit.cpp" />
    <ClCompile Include="Data\Settings.cpp" />
    <ClCompile Include="Data\SymbolCard.cpp" />
    <ClCompile Include="Data\Utility.cpp" />
    <ClCompile Include="Data\SymbolClass.cpp" />
    <ClCompile Include="Data\ISymbol.cpp" />
    <ClCompile Include="Data\ISymbolChart.cpp" />
    <ClCompile Include="Data\ISymbolClass.cpp" />
    <ClCompile Include="Data\SymbolCollate.cpp" />
    <ClCompile Include="Data\SymbolComment.cpp" />
    <ClCompile Include="Data\SymbolConnector.cpp" />
    <ClCompile Include="Data\SymbolData.cpp" />
    <ClCompile Include="Data\SymbolDatabase.cpp" />
    <ClCompile Include="Data\SymbolDataStored.cpp" />
    <ClCompile Include="Data\SymbolDecision.cpp" />
    <ClCompile Include="Data\SymbolDelay.cpp" />
    <ClCompile Include="Data\SymbolDisplay.cpp" />
    <ClCompile Include="Data\SymbolDocument.cpp" />
    <ClCompile Include="Data\SymbolExtract.cpp" />
    <ClCompile Include="Data\SymbolHardDisk.cpp" />
    <ClCompile Include="Data\SymbolInput.cpp" />
    <ClCompile Include="Data\SymbolInterface.cpp" />
    <ClCompile Include="Data\SymbolMerge.cpp" />
    <ClCompile Include="Data\SymbolNote.cpp" />
    <ClCompile Include="Data\SymbolOperation.cpp" />
    <ClCompile Include="Data\SymbolOr.cpp" />
    <ClCompile Include="Data\SymbolPaperTape.cpp" />
    <ClCompile Include="Data\SymbolPreparation.cpp" />
    <ClCompile Include="Data\SymbolProcess.cpp" />
    <ClCompile Include="Data\SymbolSort.cpp" />
    <ClCompile Include="Data\SymbolSum.cpp" />
    <ClCompile Include="Data\SymbolTerminator.cpp" />
    <ClCompile Include="Data\SymbolCloud.cpp" />
    <ClCompile Include="Data\Spline2D.cpp" />
  </ItemGroup>
  <ItemGroup>
    <ClInclude Include="pch.h" />
    <ClInclude Include="Data\AnchorPoint.h" />
    <ClInclude Include="Data\DiagramChartSymbols.h" />
    <ClInclude Include="Data\DiagramClassSymbols.h" />
    <ClInclude Include="Data\ISymbol.h" />
    <ClInclude Include="Data\ISymbolChart.h" />
    <ClInclude Include="Data\ISymbolClass.h" />
    <ClInclude Include="Data\ItemProperty.h" />
    <ClInclude Include="Data\ItemType.h" />
    <ClInclude Include="Data\Font.h" />
    <ClInclude Include="Data\FontStyle.h" />
    <ClInclude Include="Data\Link.h" />
    <ClInclude Include="Data\LinkAnchorPlacement.h" />
    <ClInclude Include="Data\PointerHit.h" />
    <ClInclude Include="Data\PropertyType.h" />
    <ClInclude Include="Data\PropertyVisibility.h" />
    <ClInclude Include="Data\Settings.h" />
    <ClInclude Include="Data\SymbolCard.h" />
    <ClInclude Include="Data\Utility.h" />
    <ClInclude Include="Data\SymbolClass.h" />
    <ClInclude Include="Data\SymbolCollate.h" />
    <ClInclude Include="Data\SymbolComment.h" />
    <ClInclude Include="Data\SymbolConnector.h" />
    <ClInclude Include="Data\SymbolData.h" />
    <ClInclude Include="Data\SymbolDatabase.h" />
    <ClInclude Include="Data\SymbolDataStored.h" />
    <ClInclude Include="Data\SymbolDecision.h" />
    <ClInclude Include="Data\SymbolDelay.h" />
    <ClInclude Include="Data\SymbolDisplay.h" />
    <ClInclude Include="Data\SymbolDocument.h" />
    <ClInclude Include="Data\SymbolExtract.h" />
    <ClInclude Include="Data\SymbolHardDisk.h" />
    <ClInclude Include="Data\SymbolInput.h" />
    <ClInclude Include="Data\SymbolInterface.h" />
    <ClInclude Include="Data\SymbolMerge.h" />
    <ClInclude Include="Data\SymbolNote.h" />
    <ClInclude Include="Data\SymbolOperation.h" />
    <ClInclude Include="Data\SymbolOr.h" />
    <ClInclude Include="Data\SymbolPaperTape.h" />
    <ClInclude Include="Data\SymbolPreparation.h" />
    <ClInclude Include="Data\SymbolProcess.h" />
    <ClInclude Include="Data\SymbolSort.h" />
    <ClInclude Include="Data\SymbolSum.h" />
    <ClInclude Include="Data\SymbolTerminator.h" />
    <ClInclude Include="Data\SymbolCloud.h" />
    <ClInclude Include="Data\Spline2D.h" />
    <ClInclude Include="Data\StrokeStyle.h" />
  </ItemGroup>
  <ItemGroup>
    <Image Include="Assets\Wide310x150Logo.scale-200.png">
      <Filter>Assets</Filter>
    </Image>
    <Image Include="Assets\StoreLogo.png">
      <Filter>Assets</Filter>
    </Image>
    <Image Include="Assets\Square150x150Logo.scale-200.png">
      <Filter>Assets</Filter>
    </Image>
    <Image Include="Assets\Square44x44Logo.targetsize-24_altform-unplated.png">
      <Filter>Assets</Filter>
    </Image>
    <Image Include="Assets\Square44x44Logo.scale-200.png">
      <Filter>Assets</Filter>
    </Image>
    <Image Include="Assets\SplashScreen.scale-200.png">
      <Filter>Assets</Filter>
    </Image>
    <Image Include="Assets\LockScreenLogo.scale-200.png">
      <Filter>Assets</Filter>
    </Image>
  </ItemGroup>
  <ItemGroup>
    <Filter Include="Assets">
      <UniqueIdentifier>{a87bcb40-0e22-419a-aca0-aef40b547e5d}</UniqueIdentifier>
    </Filter>
  </ItemGroup>
  <ItemGroup>
    <Text Include="readme.txt" />
  </ItemGroup>
  <ItemGroup>
    <Manifest Include="app.manifest" />
  </ItemGroup>
  <ItemGroup>
    <AppxManifest Include="Package.appxmanifest" />
  </ItemGroup>
  <ItemGroup>
    <None Include="packages.config" />
  </ItemGroup>
  <ItemGroup>
    <Natvis Include="$(MSBuildThisFileDirectory)..\..\natvis\wil.natvis" />
  </ItemGroup>
</Project>